
Microsoft Visual Studio Solution File, Format Version 12.00
# Visual Studio Version 17
VisualStudioVersion = 17.2.32630.192
MinimumVisualStudioVersion = 10.0.40219.1
Project("{9A19103F-16F7-4668-BE54-9A1E7A4F7556}") = "ApiCatalago", "ApiCatalago\ApiCatalago.csproj", "{636C2BF3-1501-4830-A45A-F17DF690E424}"
EndProject
Project("{FAE04EC0-301F-11D3-BF4B-00C04F79EFBC}") = "Front-EndApiCatalago", "Front-EndApiCatalago\Front-EndApiCatalago.csproj", "{74E9861A-DA9E-47A0-A5DD-F4E37BEACBA9}"
EndProject
Global
	GlobalSection(SolutionConfigurationPlatforms) = preSolution
		Debug|Any CPU = Debug|Any CPU
		Release|Any CPU = Release|Any CPU
	EndGlobalSection
	GlobalSection(ProjectConfigurationPlatforms) = postSolution
		{636C2BF3-1501-4830-A45A-F17DF690E424}.Debug|Any CPU.ActiveCfg = Debug|Any CPU
		{636C2BF3-1501-4830-A45A-F17DF690E424}.Debug|Any CPU.Build.0 = Debug|Any CPU
		{636C2BF3-1501-4830-A45A-F17DF690E424}.Release|Any CPU.ActiveCfg = Release|Any CPU
		{636C2BF3-1501-4830-A45A-F17DF690E424}.Release|Any CPU.Build.0 = Release|Any CPU
		{74E9861A-DA9E-47A0-A5DD-F4E37BEACBA9}.Debug|Any CPU.ActiveCfg = Debug|Any CPU
		{74E9861A-DA9E-47A0-A5DD-F4E37BEACBA9}.Debug|Any CPU.Build.0 = Debug|Any CPU
		{74E9861A-DA9E-47A0-A5DD-F4E37BEACBA9}.Release|Any CPU.ActiveCfg = Release|Any CPU
		{74E9861A-DA9E-47A0-A5DD-F4E37BEACBA9}.Release|Any CPU.Build.0 = Release|Any CPU
	EndGlobalSection
	GlobalSection(SolutionProperties) = preSolution
		HideSolutionNode = FALSE
	EndGlobalSection
	GlobalSection(ExtensibilityGlobals) = postSolution
		SolutionGuid = {65448ED4-1BEB-4639-BA8C-35BBC0217F2B}
	EndGlobalSection
EndGlobal
